
Microsoft Visual Studio Solution File, Format Version 12.00
# Visual Studio Version 16
VisualStudioVersion = 16.0.31729.503
MinimumVisualStudioVersion = 10.0.40219.1
Project("{FAE04EC0-301F-11D3-BF4B-00C04F79EFBC}") = "Simplex Algorithm", "Simplex Algorithm.csproj", "{FEBA2B7F-27E4-4144-9271-220E3B03C5E0}"
EndProject
Global
	GlobalSection(SolutionConfigurationPlatforms) = preSolution
		Debug|Any CPU = Debug|Any CPU
		Release|Any CPU = Release|Any CPU
	EndGlobalSection
	GlobalSection(ProjectConfigurationPlatforms) = postSolution
		{FEBA2B7F-27E4-4144-9271-220E3B03C5E0}.Debug|Any CPU.ActiveCfg = Debug|Any CPU
		{FEBA2B7F-27E4-4144-9271-220E3B03C5E0}.Debug|Any CPU.Build.0 = Debug|Any CPU
		{FEBA2B7F-27E4-4144-9271-220E3B03C5E0}.Release|Any CPU.ActiveCfg = Release|Any CPU
		{FEBA2B7F-27E4-4144-9271-220E3B03C5E0}.Release|Any CPU.Build.0 = Release|Any CPU
	EndGlobalSection
	GlobalSection(SolutionProperties) = preSolution
		HideSolutionNode = FALSE
	EndGlobalSection
	GlobalSection(ExtensibilityGlobals) = postSolution
		SolutionGuid = {A42F5D5F-B300-41C3-9A55-4AB14A5A199F}
	EndGlobalSection
EndGlobal
